// !$*UTF8*$!
{
	archiveVersion = 1;
	classes = {
	};
	objectVersion = 77;
	objects = {

/* Begin PBXBuildFile section */
		F14A10032F90000100C0FFEE /* CheckPointWidget.appex in Embed App Extensions */ = {isa = PBXBuildFile; fileRef = F14A10012F90000100C0FFEE /* CheckPointWidget.appex */; settings = {ATTRIBUTES = (CodeSignOnCopy, RemoveHeadersOnCopy, ); }; };
/* End PBXBuildFile section */

/* Begin PBXContainerItemProxy section */
			A1B2C3DA2F93000100AAA001 /* PBXContainerItemProxy */ = {
				isa = PBXContainerItemProxy;
				containerPortal = E6F5412E2F8616BF00450AC5 /* Project object */;
				proxyType = 1;
				remoteGlobalIDString = E6F541352F8616BF00450AC5;
				remoteInfo = CheckPoint;
			};
			F14A10042F90000100C0FFEE /* PBXContainerItemProxy */ = {
				isa = PBXContainerItemProxy;
				containerPortal = E6F5412E2F8616BF00450AC5 /* Project object */;
				proxyType = 1;
				remoteGlobalIDString = F14A100A2F90000100C0FFEE;
			remoteInfo = CheckPointWidget;
		};
/* End PBXContainerItemProxy section */

/* Begin PBXCopyFilesBuildPhase section */
		F14A10062F90000100C0FFEE /* Embed App Extensions */ = {
			isa = PBXCopyFilesBuildPhase;
			buildActionMask = 2147483647;
			dstPath = "";
			dstSubfolderSpec = 13;
			files = (
				F14A10032F90000100C0FFEE /* CheckPointWidget.appex in Embed App Extensions */,
			);
			name = "Embed App Extensions";
			runOnlyForDeploymentPostprocessing = 0;
		};
/* End PBXCopyFilesBuildPhase section */

/* Begin PBXFileReference section */
			A1B2C3D42F93000100AAA001 /* CheckPointTests.xctest */ = {isa = PBXFileReference; explicitFileType = wrapper.cfbundle; includeInIndex = 0; path = CheckPointTests.xctest; sourceTree = BUILT_PRODUCTS_DIR; };
			E6F541362F8616BF00450AC5 /* CheckPoint.app */ = {isa = PBXFileReference; explicitFileType = wrapper.application; includeInIndex = 0; path = CheckPoint.app; sourceTree = BUILT_PRODUCTS_DIR; };
			F14A10012F90000100C0FFEE /* CheckPointWidget.appex */ = {isa = PBXFileReference; explicitFileType = "wrapper.app-extension"; includeInIndex = 0; path = CheckPointWidget.appex; sourceTree = BUILT_PRODUCTS_DIR; };
/* End PBXFileReference section */

/* Begin PBXFileSystemSynchronizedRootGroup section */
			A1B2C3D52F93000100AAA001 /* CheckPointTests */ = {
				isa = PBXFileSystemSynchronizedRootGroup;
				path = CheckPointTests;
				sourceTree = "<group>";
			};
			E6F541382F8616BF00450AC5 /* CheckPoint */ = {
				isa = PBXFileSystemSynchronizedRootGroup;
				path = CheckPoint;
				sourceTree = "<group>";
			};
		F14A10022F90000100C0FFEE /* CheckPointWidget */ = {
			isa = PBXFileSystemSynchronizedRootGroup;
			path = CheckPointWidget;
			sourceTree = "<group>";
		};
/* End PBXFileSystemSynchronizedRootGroup section */

/* Begin PBXFrameworksBuildPhase section */
			A1B2C3D62F93000100AAA001 /* Frameworks */ = {
				isa = PBXFrameworksBuildPhase;
				buildActionMask = 2147483647;
				files = (
				);
				runOnlyForDeploymentPostprocessing = 0;
			};
			E6F541332F8616BF00450AC5 /* Frameworks */ = {
				isa = PBXFrameworksBuildPhase;
				buildActionMask = 2147483647;
				files = (
				);
			runOnlyForDeploymentPostprocessing = 0;
		};
		F14A10052F90000100C0FFEE /* Frameworks */ = {
			isa = PBXFrameworksBuildPhase;
			buildActionMask = 2147483647;
			files = (
			);
			runOnlyForDeploymentPostprocessing = 0;
		};
/* End PBXFrameworksBuildPhase section */

		/* Begin PBXGroup section */
			E6F5412D2F8616BF00450AC5 = {
				isa = PBXGroup;
				children = (
					E6F541382F8616BF00450AC5 /* CheckPoint */,
					A1B2C3D52F93000100AAA001 /* CheckPointTests */,
					F14A10022F90000100C0FFEE /* CheckPointWidget */,
					E6F541372F8616BF00450AC5 /* Products */,
				);
				sourceTree = "<group>";
			};
		E6F541372F8616BF00450AC5 /* Products */ = {
			isa = PBXGroup;
				children = (
					E6F541362F8616BF00450AC5 /* CheckPoint.app */,
					A1B2C3D42F93000100AAA001 /* CheckPointTests.xctest */,
					F14A10012F90000100C0FFEE /* CheckPointWidget.appex */,
				);
				name = Products;
				sourceTree = "<group>";
			};
/* End PBXGroup section */

/* Begin PBXNativeTarget section */
			A1B2C3D72F93000100AAA001 /* CheckPointTests */ = {
				isa = PBXNativeTarget;
				buildConfigurationList = A1B2C3DE2F93000100AAA001 /* Build configuration list for PBXNativeTarget "CheckPointTests" */;
				buildPhases = (
					A1B2C3D92F93000100AAA001 /* Sources */,
					A1B2C3D62F93000100AAA001 /* Frameworks */,
					A1B2C3D82F93000100AAA001 /* Resources */,
				);
				buildRules = (
				);
				dependencies = (
					A1B2C3DB2F93000100AAA001 /* PBXTargetDependency */,
				);
				fileSystemSynchronizedGroups = (
					A1B2C3D52F93000100AAA001 /* CheckPointTests */,
				);
				name = CheckPointTests;
				packageProductDependencies = (
				);
				productName = CheckPointTests;
				productReference = A1B2C3D42F93000100AAA001 /* CheckPointTests.xctest */;
				productType = "com.apple.product-type.bundle.unit-test";
			};
			E6F541352F8616BF00450AC5 /* CheckPoint */ = {
				isa = PBXNativeTarget;
				buildConfigurationList = E6F541432F8616C000450AC5 /* Build configuration list for PBXNativeTarget "CheckPoint" */;
			buildPhases = (
				E6F541322F8616BF00450AC5 /* Sources */,
				E6F541332F8616BF00450AC5 /* Frameworks */,
				E6F541342F8616BF00450AC5 /* Resources */,
				F14A10062F90000100C0FFEE /* Embed App Extensions */,
			);
			buildRules = (
			);
			dependencies = (
				F14A10072F90000100C0FFEE /* PBXTargetDependency */,
			);
			fileSystemSynchronizedGroups = (
				E6F541382F8616BF00450AC5 /* CheckPoint */,
			);
			name = CheckPoint;
			packageProductDependencies = (
			);
			productName = CheckPoint;
			productReference = E6F541362F8616BF00450AC5 /* CheckPoint.app */;
			productType = "com.apple.product-type.application";
		};
		F14A100A2F90000100C0FFEE /* CheckPointWidget */ = {
			isa = PBXNativeTarget;
			buildConfigurationList = F14A100D2F90000100C0FFEE /* Build configuration list for PBXNativeTarget "CheckPointWidget" */;
			buildPhases = (
				F14A10082F90000100C0FFEE /* Sources */,
				F14A10052F90000100C0FFEE /* Frameworks */,
				F14A10092F90000100C0FFEE /* Resources */,
			);
			buildRules = (
			);
			dependencies = (
			);
			fileSystemSynchronizedGroups = (
				F14A10022F90000100C0FFEE /* CheckPointWidget */,
			);
			name = CheckPointWidget;
			packageProductDependencies = (
			);
			productName = CheckPointWidget;
			productReference = F14A10012F90000100C0FFEE /* CheckPointWidget.appex */;
			productType = "com.apple.product-type.app-extension";
		};
/* End PBXNativeTarget section */

/* Begin PBXProject section */
		E6F5412E2F8616BF00450AC5 /* Project object */ = {
			isa = PBXProject;
				attributes = {
					BuildIndependentTargetsInParallel = 1;
					LastSwiftUpdateCheck = 2640;
					LastUpgradeCheck = 2640;
					TargetAttributes = {
						A1B2C3D72F93000100AAA001 = {
							CreatedOnToolsVersion = 26.4;
							TestTargetID = E6F541352F8616BF00450AC5;
						};
						E6F541352F8616BF00450AC5 = {
							CreatedOnToolsVersion = 26.4;
						};
						F14A100A2F90000100C0FFEE = {
							CreatedOnToolsVersion = 26.4;
					};
				};
			};
			buildConfigurationList = E6F541312F8616BF00450AC5 /* Build configuration list for PBXProject "CheckPoint" */;
			developmentRegion = en;
			hasScannedForEncodings = 0;
			knownRegions = (
				en,
				Base,
			);
			mainGroup = E6F5412D2F8616BF00450AC5;
			minimizedProjectReferenceProxies = 1;
			preferredProjectObjectVersion = 77;
			productRefGroup = E6F541372F8616BF00450AC5 /* Products */;
			projectDirPath = "";
				projectRoot = "";
				targets = (
					E6F541352F8616BF00450AC5 /* CheckPoint */,
					A1B2C3D72F93000100AAA001 /* CheckPointTests */,
					F14A100A2F90000100C0FFEE /* CheckPointWidget */,
				);
			};
/* End PBXProject section */

/* Begin PBXResourcesBuildPhase section */
			A1B2C3D82F93000100AAA001 /* Resources */ = {
				isa = PBXResourcesBuildPhase;
				buildActionMask = 2147483647;
				files = (
				);
				runOnlyForDeploymentPostprocessing = 0;
			};
			E6F541342F8616BF00450AC5 /* Resources */ = {
				isa = PBXResourcesBuildPhase;
				buildActionMask = 2147483647;
				files = (
				);
			runOnlyForDeploymentPostprocessing = 0;
		};
		F14A10092F90000100C0FFEE /* Resources */ = {
			isa = PBXResourcesBuildPhase;
			buildActionMask = 2147483647;
			files = (
			);
			runOnlyForDeploymentPostprocessing = 0;
		};
/* End PBXResourcesBuildPhase section */

/* Begin PBXSourcesBuildPhase section */
			A1B2C3D92F93000100AAA001 /* Sources */ = {
				isa = PBXSourcesBuildPhase;
				buildActionMask = 2147483647;
				files = (
				);
				runOnlyForDeploymentPostprocessing = 0;
			};
			E6F541322F8616BF00450AC5 /* Sources */ = {
				isa = PBXSourcesBuildPhase;
				buildActionMask = 2147483647;
				files = (
				);
			runOnlyForDeploymentPostprocessing = 0;
		};
		F14A10082F90000100C0FFEE /* Sources */ = {
			isa = PBXSourcesBuildPhase;
			buildActionMask = 2147483647;
			files = (
			);
			runOnlyForDeploymentPostprocessing = 0;
		};
/* End PBXSourcesBuildPhase section */

/* Begin PBXTargetDependency section */
			A1B2C3DB2F93000100AAA001 /* PBXTargetDependency */ = {
				isa = PBXTargetDependency;
				target = E6F541352F8616BF00450AC5 /* CheckPoint */;
				targetProxy = A1B2C3DA2F93000100AAA001 /* PBXContainerItemProxy */;
			};
			F14A10072F90000100C0FFEE /* PBXTargetDependency */ = {
				isa = PBXTargetDependency;
				target = F14A100A2F90000100C0FFEE /* CheckPointWidget */;
				targetProxy = F14A10042F90000100C0FFEE /* PBXContainerItemProxy */;
			};
/* End PBXTargetDependency section */

/* Begin XCBuildConfiguration section */
			A1B2C3DC2F93000100AAA001 /* Debug */ = {
				isa = XCBuildConfiguration;
				buildSettings = {
					BUNDLE_LOADER = "$(TEST_HOST)";
					CODE_SIGN_STYLE = Automatic;
					CURRENT_PROJECT_VERSION = 1;
					DEVELOPMENT_TEAM = RV2T2C8KMF;
					GENERATE_INFOPLIST_FILE = YES;
					IPHONEOS_DEPLOYMENT_TARGET = 26.4;
					LD_RUNPATH_SEARCH_PATHS = (
						"$(inherited)",
						"@executable_path/Frameworks",
						"@loader_path/Frameworks",
					);
					MARKETING_VERSION = 1.0;
					PRODUCT_BUNDLE_IDENTIFIER = Capybarista.CheckPointTests;
					PRODUCT_NAME = "$(TARGET_NAME)";
					SDKROOT = iphoneos;
					SWIFT_ACTIVE_COMPILATION_CONDITIONS = "DEBUG $(inherited)";
					SWIFT_VERSION = 5.0;
					TARGETED_DEVICE_FAMILY = "1,2";
					TEST_HOST = "$(BUILT_PRODUCTS_DIR)/CheckPoint.app/$(BUNDLE_EXECUTABLE_FOLDER_PATH)/CheckPoint";
					TEST_TARGET_NAME = CheckPoint;
				};
				name = Debug;
			};
			A1B2C3DD2F93000100AAA001 /* Release */ = {
				isa = XCBuildConfiguration;
				buildSettings = {
					BUNDLE_LOADER = "$(TEST_HOST)";
					CODE_SIGN_STYLE = Automatic;
					CURRENT_PROJECT_VERSION = 1;
					DEVELOPMENT_TEAM = RV2T2C8KMF;
					GENERATE_INFOPLIST_FILE = YES;
					IPHONEOS_DEPLOYMENT_TARGET = 26.4;
					LD_RUNPATH_SEARCH_PATHS = (
						"$(inherited)",
						"@executable_path/Frameworks",
						"@loader_path/Frameworks",
					);
					MARKETING_VERSION = 1.0;
					PRODUCT_BUNDLE_IDENTIFIER = Capybarista.CheckPointTests;
					PRODUCT_NAME = "$(TARGET_NAME)";
					SDKROOT = iphoneos;
					SWIFT_VERSION = 5.0;
					TARGETED_DEVICE_FAMILY = "1,2";
					TEST_HOST = "$(BUILT_PRODUCTS_DIR)/CheckPoint.app/$(BUNDLE_EXECUTABLE_FOLDER_PATH)/CheckPoint";
					TEST_TARGET_NAME = CheckPoint;
				};
				name = Release;
			};
			E6F541412F8616C000450AC5 /* Debug */ = {
				isa = XCBuildConfiguration;
				buildSettings = {
				ALWAYS_SEARCH_USER_PATHS = NO;
				ASSETCATALOG_COMPILER_GENERATE_SWIFT_ASSET_SYMBOL_EXTENSIONS = YES;
				CLANG_ANALYZER_NONNULL = YES;
				CLANG_ANALYZER_NUMBER_OBJECT_CONVERSION = YES_AGGRESSIVE;
				CLANG_CXX_LANGUAGE_STANDARD = "gnu++20";
				CLANG_ENABLE_MODULES = YES;
				CLANG_ENABLE_OBJC_ARC = YES;
				CLANG_ENABLE_OBJC_WEAK = YES;
				CLANG_WARN_BLOCK_CAPTURE_AUTORELEASING = YES;
				CLANG_WARN_BOOL_CONVERSION = YES;
				CLANG_WARN_COMMA = YES;
				CLANG_WARN_CONSTANT_CONVERSION = YES;
				CLANG_WARN_DEPRECATED_OBJC_IMPLEMENTATIONS = YES;
				CLANG_WARN_DIRECT_OBJC_ISA_USAGE = YES_ERROR;
				CLANG_WARN_DOCUMENTATION_COMMENTS = YES;
				CLANG_WARN_EMPTY_BODY = YES;
				CLANG_WARN_ENUM_CONVERSION = YES;
				CLANG_WARN_INFINITE_RECURSION = YES;
				CLANG_WARN_INT_CONVERSION = YES;
				CLANG_WARN_NON_LITERAL_NULL_CONVERSION = YES;
				CLANG_WARN_OBJC_IMPLICIT_RETAIN_SELF = YES;
				CLANG_WARN_OBJC_LITERAL_CONVERSION = YES;
				CLANG_WARN_OBJC_ROOT_CLASS = YES_ERROR;
				CLANG_WARN_QUOTED_INCLUDE_IN_FRAMEWORK_HEADER = YES;
				CLANG_WARN_RANGE_LOOP_ANALYSIS = YES;
				CLANG_WARN_STRICT_PROTOTYPES = YES;
				CLANG_WARN_SUSPICIOUS_MOVE = YES;
				CLANG_WARN_UNGUARDED_AVAILABILITY = YES_AGGRESSIVE;
				CLANG_WARN_UNREACHABLE_CODE = YES;
				CLANG_WARN__DUPLICATE_METHOD_MATCH = YES;
				COPY_PHASE_STRIP = NO;
				DEBUG_INFORMATION_FORMAT = dwarf;
				DEVELOPMENT_TEAM = RV2T2C8KMF;
				ENABLE_STRICT_OBJC_MSGSEND = YES;
				ENABLE_TESTABILITY = YES;
				ENABLE_USER_SCRIPT_SANDBOXING = YES;
				GCC_C_LANGUAGE_STANDARD = gnu17;
				GCC_DYNAMIC_NO_PIC = NO;
				GCC_NO_COMMON_BLOCKS = YES;
				GCC_OPTIMIZATION_LEVEL = 0;
				GCC_PREPROCESSOR_DEFINITIONS = (
					"DEBUG=1",
					"$(inherited)",
				);
				GCC_WARN_64_TO_32_BIT_CONVERSION = YES;
				GCC_WARN_ABOUT_RETURN_TYPE = YES_ERROR;
				GCC_WARN_UNDECLARED_SELECTOR = YES;
				GCC_WARN_UNINITIALIZED_AUTOS = YES_AGGRESSIVE;
				GCC_WARN_UNUSED_FUNCTION = YES;
				GCC_WARN_UNUSED_VARIABLE = YES;
				IPHONEOS_DEPLOYMENT_TARGET = 26.4;
				LOCALIZATION_PREFERS_STRING_CATALOGS = YES;
				MTL_ENABLE_DEBUG_INFO = INCLUDE_SOURCE;
				MTL_FAST_MATH = YES;
				ONLY_ACTIVE_ARCH = YES;
				SDKROOT = iphoneos;
				SWIFT_ACTIVE_COMPILATION_CONDITIONS = "DEBUG $(inherited)";
				SWIFT_OPTIMIZATION_LEVEL = "-Onone";
			};
			name = Debug;
		};
		E6F541422F8616C000450AC5 /* Release */ = {
			isa = XCBuildConfiguration;
			buildSettings = {
				ALWAYS_SEARCH_USER_PATHS = NO;
				ASSETCATALOG_COMPILER_GENERATE_SWIFT_ASSET_SYMBOL_EXTENSIONS = YES;
				CLANG_ANALYZER_NONNULL = YES;
				CLANG_ANALYZER_NUMBER_OBJECT_CONVERSION = YES_AGGRESSIVE;
				CLANG_CXX_LANGUAGE_STANDARD = "gnu++20";
				CLANG_ENABLE_MODULES = YES;
				CLANG_ENABLE_OBJC_ARC = YES;
				CLANG_ENABLE_OBJC_WEAK = YES;
				CLANG_WARN_BLOCK_CAPTURE_AUTORELEASING = YES;
				CLANG_WARN_BOOL_CONVERSION = YES;
				CLANG_WARN_COMMA = YES;
				CLANG_WARN_CONSTANT_CONVERSION = YES;
				CLANG_WARN_DEPRECATED_OBJC_IMPLEMENTATIONS = YES;
				CLANG_WARN_DIRECT_OBJC_ISA_USAGE = YES_ERROR;
				CLANG_WARN_DOCUMENTATION_COMMENTS = YES;
				CLANG_WARN_EMPTY_BODY = YES;
				CLANG_WARN_ENUM_CONVERSION = YES;
				CLANG_WARN_INFINITE_RECURSION = YES;
				CLANG_WARN_INT_CONVERSION = YES;
				CLANG_WARN_NON_LITERAL_NULL_CONVERSION = YES;
				CLANG_WARN_OBJC_IMPLICIT_RETAIN_SELF = YES;
				CLANG_WARN_OBJC_LITERAL_CONVERSION = YES;
				CLANG_WARN_OBJC_ROOT_CLASS = YES_ERROR;
				CLANG_WARN_QUOTED_INCLUDE_IN_FRAMEWORK_HEADER = YES;
				CLANG_WARN_RANGE_LOOP_ANALYSIS = YES;
				CLANG_WARN_STRICT_PROTOTYPES = YES;
				CLANG_WARN_SUSPICIOUS_MOVE = YES;
				CLANG_WARN_UNGUARDED_AVAILABILITY = YES_AGGRESSIVE;
				CLANG_WARN_UNREACHABLE_CODE = YES;
				CLANG_WARN__DUPLICATE_METHOD_MATCH = YES;
				COPY_PHASE_STRIP = NO;
				DEBUG_INFORMATION_FORMAT = "dwarf-with-dsym";
				DEVELOPMENT_TEAM = RV2T2C8KMF;
				ENABLE_NS_ASSERTIONS = NO;
				ENABLE_STRICT_OBJC_MSGSEND = YES;
				ENABLE_USER_SCRIPT_SANDBOXING = YES;
				GCC_C_LANGUAGE_STANDARD = gnu17;
				GCC_NO_COMMON_BLOCKS = YES;
				GCC_WARN_64_TO_32_BIT_CONVERSION = YES;
				GCC_WARN_ABOUT_RETURN_TYPE = YES_ERROR;
				GCC_WARN_UNDECLARED_SELECTOR = YES;
				GCC_WARN_UNINITIALIZED_AUTOS = YES_AGGRESSIVE;
				GCC_WARN_UNUSED_FUNCTION = YES;
				GCC_WARN_UNUSED_VARIABLE = YES;
				IPHONEOS_DEPLOYMENT_TARGET = 26.4;
				LOCALIZATION_PREFERS_STRING_CATALOGS = YES;
				MTL_ENABLE_DEBUG_INFO = NO;
				MTL_FAST_MATH = YES;
				SDKROOT = iphoneos;
				SWIFT_COMPILATION_MODE = wholemodule;
				VALIDATE_PRODUCT = YES;
			};
			name = Release;
		};
		E6F541442F8616C000450AC5 /* Debug */ = {
			isa = XCBuildConfiguration;
			buildSettings = {
				ASSETCATALOG_COMPILER_APPICON_NAME = AppIcon;
				ASSETCATALOG_COMPILER_GLOBAL_ACCENT_COLOR_NAME = AccentColor;
				CODE_SIGN_ENTITLEMENTS = CheckPoint/CheckPoint.entitlements;
				CODE_SIGN_STYLE = Automatic;
				CURRENT_PROJECT_VERSION = 1;
				DEVELOPMENT_TEAM = RV2T2C8KMF;
				ENABLE_PREVIEWS = YES;
				GENERATE_INFOPLIST_FILE = YES;
				INFOPLIST_KEY_CFBundleURLTypes_0_CFBundleURLName = Capybarista.CheckPoint;
				INFOPLIST_KEY_CFBundleURLTypes_0_CFBundleURLSchemes_0 = checkpoint;
				INFOPLIST_KEY_RAWG_API_KEY = be9c6d8902014726b0efa64c108308e4;
				INFOPLIST_KEY_UIApplicationSceneManifest_Generation = YES;
				INFOPLIST_KEY_UIApplicationSupportsIndirectInputEvents = YES;
				INFOPLIST_KEY_UILaunchScreen_Generation = YES;
				INFOPLIST_KEY_UISupportedInterfaceOrientations_iPad = "UIInterfaceOrientationPortrait UIInterfaceOrientationPortraitUpsideDown UIInterfaceOrientationLandscapeLeft UIInterfaceOrientationLandscapeRight";
				INFOPLIST_KEY_UISupportedInterfaceOrientations_iPhone = "UIInterfaceOrientationPortrait UIInterfaceOrientationLandscapeLeft UIInterfaceOrientationLandscapeRight";
				LD_RUNPATH_SEARCH_PATHS = (
					"$(inherited)",
					"@executable_path/Frameworks",
				);
				MARKETING_VERSION = 1.0;
				PRODUCT_BUNDLE_IDENTIFIER = Capybarista.CheckPoint;
				PRODUCT_NAME = "$(TARGET_NAME)";
				STRING_CATALOG_GENERATE_SYMBOLS = YES;
				SWIFT_APPROACHABLE_CONCURRENCY = YES;
				SWIFT_DEFAULT_ACTOR_ISOLATION = MainActor;
				SWIFT_EMIT_LOC_STRINGS = YES;
				SWIFT_UPCOMING_FEATURE_MEMBER_IMPORT_VISIBILITY = YES;
				SWIFT_VERSION = 5.0;
				TARGETED_DEVICE_FAMILY = "1,2";
			};
			name = Debug;
		};
		E6F541452F8616C000450AC5 /* Release */ = {
			isa = XCBuildConfiguration;
			buildSettings = {
				ASSETCATALOG_COMPILER_APPICON_NAME = AppIcon;
				ASSETCATALOG_COMPILER_GLOBAL_ACCENT_COLOR_NAME = AccentColor;
				CODE_SIGN_ENTITLEMENTS = CheckPoint/CheckPoint.entitlements;
				CODE_SIGN_STYLE = Automatic;
				CURRENT_PROJECT_VERSION = 1;
				DEVELOPMENT_TEAM = RV2T2C8KMF;
				ENABLE_PREVIEWS = YES;
				GENERATE_INFOPLIST_FILE = YES;
				INFOPLIST_KEY_CFBundleURLTypes_0_CFBundleURLName = Capybarista.CheckPoint;
				INFOPLIST_KEY_CFBundleURLTypes_0_CFBundleURLSchemes_0 = checkpoint;
				INFOPLIST_KEY_RAWG_API_KEY = be9c6d8902014726b0efa64c108308e4;
				INFOPLIST_KEY_UIApplicationSceneManifest_Generation = YES;
				INFOPLIST_KEY_UIApplicationSupportsIndirectInputEvents = YES;
				INFOPLIST_KEY_UILaunchScreen_Generation = YES;
				INFOPLIST_KEY_UISupportedInterfaceOrientations_iPad = "UIInterfaceOrientationPortrait UIInterfaceOrientationPortraitUpsideDown UIInterfaceOrientationLandscapeLeft UIInterfaceOrientationLandscapeRight";
				INFOPLIST_KEY_UISupportedInterfaceOrientations_iPhone = "UIInterfaceOrientationPortrait UIInterfaceOrientationLandscapeLeft UIInterfaceOrientationLandscapeRight";
				LD_RUNPATH_SEARCH_PATHS = (
					"$(inherited)",
					"@executable_path/Frameworks",
				);
				MARKETING_VERSION = 1.0;
				PRODUCT_BUNDLE_IDENTIFIER = Capybarista.CheckPoint;
				PRODUCT_NAME = "$(TARGET_NAME)";
				STRING_CATALOG_GENERATE_SYMBOLS = YES;
				SWIFT_APPROACHABLE_CONCURRENCY = YES;
				SWIFT_DEFAULT_ACTOR_ISOLATION = MainActor;
				SWIFT_EMIT_LOC_STRINGS = YES;
				SWIFT_UPCOMING_FEATURE_MEMBER_IMPORT_VISIBILITY = YES;
				SWIFT_VERSION = 5.0;
				TARGETED_DEVICE_FAMILY = "1,2";
			};
			name = Release;
		};
		F14A100B2F90000100C0FFEE /* Debug */ = {
			isa = XCBuildConfiguration;
			buildSettings = {
				APPLICATION_EXTENSION_API_ONLY = YES;
				CODE_SIGN_ENTITLEMENTS = CheckPointWidget/CheckPointWidget.entitlements;
				CODE_SIGN_STYLE = Automatic;
				CURRENT_PROJECT_VERSION = 1;
				DEVELOPMENT_TEAM = RV2T2C8KMF;
				ENABLE_PREVIEWS = YES;
				GENERATE_INFOPLIST_FILE = NO;
				INFOPLIST_FILE = "CheckPointWidget-Info.plist";
				IPHONEOS_DEPLOYMENT_TARGET = 26.4;
				LD_RUNPATH_SEARCH_PATHS = (
					"$(inherited)",
					"@executable_path/Frameworks",
					"@executable_path/../../Frameworks",
				);
				MARKETING_VERSION = 1.0;
				PRODUCT_BUNDLE_IDENTIFIER = Capybarista.CheckPoint.CheckPointWidget;
				PRODUCT_NAME = "$(TARGET_NAME)";
				SDKROOT = iphoneos;
				SKIP_INSTALL = YES;
				STRING_CATALOG_GENERATE_SYMBOLS = YES;
				SWIFT_APPROACHABLE_CONCURRENCY = YES;
				SWIFT_DEFAULT_ACTOR_ISOLATION = MainActor;
				SWIFT_EMIT_LOC_STRINGS = YES;
				SWIFT_UPCOMING_FEATURE_MEMBER_IMPORT_VISIBILITY = YES;
				SWIFT_VERSION = 5.0;
				TARGETED_DEVICE_FAMILY = "1,2";
			};
			name = Debug;
		};
		F14A100C2F90000100C0FFEE /* Release */ = {
			isa = XCBuildConfiguration;
			buildSettings = {
				APPLICATION_EXTENSION_API_ONLY = YES;
				CODE_SIGN_ENTITLEMENTS = CheckPointWidget/CheckPointWidget.entitlements;
				CODE_SIGN_STYLE = Automatic;
				CURRENT_PROJECT_VERSION = 1;
				DEVELOPMENT_TEAM = RV2T2C8KMF;
				ENABLE_PREVIEWS = YES;
				GENERATE_INFOPLIST_FILE = NO;
				INFOPLIST_FILE = "CheckPointWidget-Info.plist";
				IPHONEOS_DEPLOYMENT_TARGET = 26.4;
				LD_RUNPATH_SEARCH_PATHS = (
					"$(inherited)",
					"@executable_path/Frameworks",
					"@executable_path/../../Frameworks",
				);
				MARKETING_VERSION = 1.0;
				PRODUCT_BUNDLE_IDENTIFIER = Capybarista.CheckPoint.CheckPointWidget;
				PRODUCT_NAME = "$(TARGET_NAME)";
				SDKROOT = iphoneos;
				SKIP_INSTALL = YES;
				STRING_CATALOG_GENERATE_SYMBOLS = YES;
				SWIFT_APPROACHABLE_CONCURRENCY = YES;
				SWIFT_DEFAULT_ACTOR_ISOLATION = MainActor;
				SWIFT_EMIT_LOC_STRINGS = YES;
				SWIFT_UPCOMING_FEATURE_MEMBER_IMPORT_VISIBILITY = YES;
				SWIFT_VERSION = 5.0;
				TARGETED_DEVICE_FAMILY = "1,2";
			};
			name = Release;
		};
/* End XCBuildConfiguration section */

/* Begin XCConfigurationList section */
			A1B2C3DE2F93000100AAA001 /* Build configuration list for PBXNativeTarget "CheckPointTests" */ = {
				isa = XCConfigurationList;
				buildConfigurations = (
					A1B2C3DC2F93000100AAA001 /* Debug */,
					A1B2C3DD2F93000100AAA001 /* Release */,
				);
				defaultConfigurationIsVisible = 0;
				defaultConfigurationName = Release;
			};
			E6F541312F8616BF00450AC5 /* Build configuration list for PBXProject "CheckPoint" */ = {
				isa = XCConfigurationList;
				buildConfigurations = (
				E6F541412F8616C000450AC5 /* Debug */,
				E6F541422F8616C000450AC5 /* Release */,
			);
			defaultConfigurationIsVisible = 0;
			defaultConfigurationName = Release;
		};
		E6F541432F8616C000450AC5 /* Build configuration list for PBXNativeTarget "CheckPoint" */ = {
			isa = XCConfigurationList;
			buildConfigurations = (
				E6F541442F8616C000450AC5 /* Debug */,
				E6F541452F8616C000450AC5 /* Release */,
			);
			defaultConfigurationIsVisible = 0;
			defaultConfigurationName = Release;
		};
		F14A100D2F90000100C0FFEE /* Build configuration list for PBXNativeTarget "CheckPointWidget" */ = {
			isa = XCConfigurationList;
			buildConfigurations = (
				F14A100B2F90000100C0FFEE /* Debug */,
				F14A100C2F90000100C0FFEE /* Release */,
			);
			defaultConfigurationIsVisible = 0;
			defaultConfigurationName = Release;
		};
/* End XCConfigurationList section */
	};
	rootObject = E6F5412E2F8616BF00450AC5 /* Project object */;
}
